github.com/BurntSushi/toml v0.3.1/go.mod h1:xHWCNGjB5oqiDr8zfno3MHue2Ht5sIBksp03qcyfWMU=
github.com/boltdb/bolt v1.3.1 h1:JQmyP4ZBrce+ZQu0dY660FMfatumYDLun9hBCUVIkF4=
github.com/boltdb/bolt v1.3.1/go.mod h1:clJnj/oiGkjum5o1McbSZDSLxVThjynRyGBgiAx27Ps=
github.com/cpuguy83/go-md2man/v2 v2.0.0-20190314233015-f79a8a8ca69d h1:U+s90UTSYgptZMwQh2aRr3LuazLJIa+Pg3Kc1ylSYVY=
github.com/cpuguy83/go-md2man/v2 v2.0.0-20190314233015-f79a8a8ca69d/go.mod h1:maD7wRr/U5Z6m/iR4s+kqSMx2CaBsrgA7czyZG/E6dU=
github.com/kval-access-language/kval-boltdb v0.0.0-20170330045345-f3797777c95e h1:6eQQkLvMgIY9ecZKVtEsKdUeApg6qkNl8IwJp6cZBNg=
github.com/kval-access-language/kval-boltdb v0.0.0-20170330045345-f3797777c95e/go.mod h1:CJfrSSteer+JJgIkdw/LU7Ss1CiZ6G/+oIfo4nJ1P/s=
github.com/kval-access-language/kval-parse v0.0.0-20170504112528-b96aa5a26330 h1:u+bu63lKw/77wcyhzRB9YwipGEa4l3et/hu4xkcX2cQ=
github.com/kval-access-language/kval-parse v0.0.0-20170504112528-b96aa5a26330/go.mod h1:sIViryZLFGwtty1cz01GVfqCzHR2j5O7ZCcuYiGJAJA=
github.com/kval-access-language/kval-scanner v0.0.0-20170504112421-4f097cacd289 h1:xp6dE/eMUsoTqp/A4p846HSDlETgYPcW+gmtSW7G0tc=
github.com/kval-access-language/kval-scanner v0.0.0-20170504112421-4f097cacd289/go.mod h1:YAawD4QhDnNbLB6455T6SheCYnZh90kII4jhq5HWzAQ=
github.com/mattn/go-runewidth v0.0.4 h1:2BvfKmzob6Bmd4YsL0zygOqfdFnK7GR4QL06Do4/p7Y=
github.com/mattn/go-runewidth v0.0.4/go.mod h1:LwmH8dsx7+W8Uxz3IHJYH5QSwggIsqBzpuz5H//U1FU=
github.com/olekukonko/tablewriter v0.0.1/go.mod h1:vsDQFd/mU46D+Z4whnwzcISnGGzXWMclvtLoiIKAKIo=
github.com/olekukonko/tablewriter v0.0.2 h1:sq53g+DWf0J6/ceFUHpQ0nAEb6WgM++fq16MZ91cS6o=
github.com/olekukonko/tablewriter v0.0.2/go.mod h1:rSAaSIOAGT9odnlyGlUfAJaoc5w2fSBUmeGDbRWPxyQ=
github.com/pkg/errors v0.8.1 h1:iURUrRGxPUNPdy5/HRSm+Yj6okJ6UtLINN0Q9M4+h3I=
github.com/pkg/errors v0.8.1/go.mod h1:bwawxfHBFNV+L2hUp1rHADufV3IMtnDRdf1r5NINEl0=
github.com/pmezard/go-difflib v1.0.0/go.mod h1:iKH77koFhYxTK1pcRnkKkqfTogsbg7gZNVY4sRDYZ/4=
github.com/russross/blackfriday/v2 v2.0.1 h1:lPqVAte+HuHNfhJ/0LC98ESWRz8afy9tM/0RK8m9o+Q=
github.com/russross/blackfriday/v2 v2.0.1/go.mod h1:+Rmxgy9KzJVeS9/2gXHxylqXiyQDYRxCVz55jmeOWTM=
github.com/shurcooL/sanitized_anchor_name v1.0.0 h1:PdmoCO6wvbs+7yrJyMORt4/BmY5IYyJwS/kOiWx8mHo=
github.com/shurcooL/sanitized_anchor_name v1.0.0/go.mod h1:1NzhyTcUVG4SuEtjjoZeVRXNmyL/1OwPU0+IJeTBvfc=
github.com/urfave/cli v1.22.1 h1:+mkCCcOFKPnCmVYVcURKps1Xe+3zP90gSYGNfRkjoIY=
github.com/urfave/cli v1.22.1/go.mod h1:Gos4lmkARVdJ6EkW0WaNv/tZAAMe9V7XWyB60NtXRu0=
gopkg.in/check.v1 v0.0.0-20161208181325-20d25e280405/go.mod h1:Co6ibVJAznAaIkqp8huTwlJQCZ016jof/cbN4VW5Yz0=
gopkg.in/yaml.v2 v2.2.2/go.mod h1:hI93XBmqTisBFMUTm0b8Fm+jr3Dg1NNxqwp+5A1VGuI=
